
Microsoft Visual Studio Solution File, Format Version 12.00
# Visual Studio Version 17
VisualStudioVersion = 17.4.33213.308
MinimumVisualStudioVersion = 10.0.40219.1
Project("{9A19103F-16F7-4668-BE54-9A1E7A4F7556}") = "JobAppDemo", "JobAppDemo\JobAppDemo.csproj", "{7308CD49-D56C-4771-8D9C-7F727BD745FC}"
EndProject
Project("{2150E333-8FDC-42A3-9474-1A3956D46DE8}") = "API", "API", "{22B56805-E278-404F-BEE8-16DF6453BE72}"
EndProject
Project("{2150E333-8FDC-42A3-9474-1A3956D46DE8}") = "Core", "Core", "{EB628A01-6BA2-441D-951F-63977BB9B986}"
EndProject
Project("{2150E333-8FDC-42A3-9474-1A3956D46DE8}") = "Infrastructure", "Infrastructure", "{86F957E9-2F8C-4EAC-A528-7145FAF053DC}"
EndProject
Project("{2150E333-8FDC-42A3-9474-1A3956D46DE8}") = "Shared", "Shared", "{56E2FEC9-861D-45CA-83F6-2EC8D925932B}"
EndProject
Project("{9A19103F-16F7-4668-BE54-9A1E7A4F7556}") = "JobAppDemo.Core.Domain", "JobAppDemo.Core.Domain\JobAppDemo.Core.Domain.csproj", "{CCAAD64C-B36A-4448-8487-4BC1FC427579}"
EndProject
Project("{9A19103F-16F7-4668-BE54-9A1E7A4F7556}") = "JobAppDemo.Infra.Domain", "JobAppDemo.Infra.Domain\JobAppDemo.Infra.Domain.csproj", "{AC855BCA-D5A2-4270-AD94-39E62FF4A215}"
EndProject
Project("{9A19103F-16F7-4668-BE54-9A1E7A4F7556}") = "JobAppDemo.Infra.Contract", "JobAppDemo.Infra.Contrect\JobAppDemo.Infra.Contract.csproj", "{B17A9BE4-9877-4897-A5CB-D2D05F4A64CC}"
EndProject
Project("{9A19103F-16F7-4668-BE54-9A1E7A4F7556}") = "JobAppDemo.Infra.Repository", "JobAppDemo.Infra.Repository\JobAppDemo.Infra.Repository.csproj", "{24F8BB12-28F8-4EFE-8706-8A1229BB4159}"
EndProject
Project("{9A19103F-16F7-4668-BE54-9A1E7A4F7556}") = "JobAppDemo.Core.Service", "JobAppDemo.Core.Service\JobAppDemo.Core.Service.csproj", "{86DB0A42-5BCB-4ED3-8507-255151453CB6}"
EndProject
Project("{9A19103F-16F7-4668-BE54-9A1E7A4F7556}") = "JobAppDemo.Core.Contract", "JobAppDemo.Core.Contract\JobAppDemo.Core.Contract.csproj", "{6410BD9F-6405-4C07-9692-36813041DB4C}"
EndProject
Project("{9A19103F-16F7-4668-BE54-9A1E7A4F7556}") = "JobAppDemo.Core.Builder", "JobAppDemo.Core.Builder\JobAppDemo.Core.Builder.csproj", "{FA2C4555-784F-4EF2-A253-BE5B2D164A87}"
EndProject
Project("{9A19103F-16F7-4668-BE54-9A1E7A4F7556}") = "JobAppDemo.Shared", "JobAppDemo.Shared\JobAppDemo.Shared.csproj", "{EA5397CF-3254-4B3B-9255-098BA0CB3887}"
EndProject
Project("{2150E333-8FDC-42A3-9474-1A3956D46DE8}") = "Test", "Test", "{EE23A8F7-581F-428B-BA8B-0053F64B898F}"
EndProject
Project("{2150E333-8FDC-42A3-9474-1A3956D46DE8}") = "Services", "Services", "{CAFE2E46-3929-4DF6-AC01-FFB1C192E626}"
EndProject
Project("{FAE04EC0-301F-11D3-BF4B-00C04F79EFBC}") = "ServicesTest", "ServicesTest\ServicesTest.csproj", "{5C683DBC-7240-4439-8DC5-4BDDBD6E92E9}"
EndProject
Global
	GlobalSection(SolutionConfigurationPlatforms) = preSolution
		Debug|Any CPU = Debug|Any CPU
		Release|Any CPU = Release|Any CPU
	EndGlobalSection
	GlobalSection(ProjectConfigurationPlatforms) = postSolution
		{7308CD49-D56C-4771-8D9C-7F727BD745FC}.Debug|Any CPU.ActiveCfg = Debug|Any CPU
		{7308CD49-D56C-4771-8D9C-7F727BD745FC}.Debug|Any CPU.Build.0 = Debug|Any CPU
		{7308CD49-D56C-4771-8D9C-7F727BD745FC}.Release|Any CPU.ActiveCfg = Release|Any CPU
		{7308CD49-D56C-4771-8D9C-7F727BD745FC}.Release|Any CPU.Build.0 = Release|Any CPU
		{CCAAD64C-B36A-4448-8487-4BC1FC427579}.Debug|Any CPU.ActiveCfg = Debug|Any CPU
		{CCAAD64C-B36A-4448-8487-4BC1FC427579}.Debug|Any CPU.Build.0 = Debug|Any CPU
		{CCAAD64C-B36A-4448-8487-4BC1FC427579}.Release|Any CPU.ActiveCfg = Release|Any CPU
		{CCAAD64C-B36A-4448-8487-4BC1FC427579}.Release|Any CPU.Build.0 = Release|Any CPU
		{AC855BCA-D5A2-4270-AD94-39E62FF4A215}.Debug|Any CPU.ActiveCfg = Debug|Any CPU
		{AC855BCA-D5A2-4270-AD94-39E62FF4A215}.Debug|Any CPU.Build.0 = Debug|Any CPU
		{AC855BCA-D5A2-4270-AD94-39E62FF4A215}.Release|Any CPU.ActiveCfg = Release|Any CPU
		{AC855BCA-D5A2-4270-AD94-39E62FF4A215}.Release|Any CPU.Build.0 = Release|Any CPU
		{B17A9BE4-9877-4897-A5CB-D2D05F4A64CC}.Debug|Any CPU.ActiveCfg = Debug|Any CPU
		{B17A9BE4-9877-4897-A5CB-D2D05F4A64CC}.Debug|Any CPU.Build.0 = Debug|Any CPU
		{B17A9BE4-9877-4897-A5CB-D2D05F4A64CC}.Release|Any CPU.ActiveCfg = Release|Any CPU
		{B17A9BE4-9877-4897-A5CB-D2D05F4A64CC}.Release|Any CPU.Build.0 = Release|Any CPU
		{24F8BB12-28F8-4EFE-8706-8A1229BB4159}.Debug|Any CPU.ActiveCfg = Debug|Any CPU
		{24F8BB12-28F8-4EFE-8706-8A1229BB4159}.Debug|Any CPU.Build.0 = Debug|Any CPU
		{24F8BB12-28F8-4EFE-8706-8A1229BB4159}.Release|Any CPU.ActiveCfg = Release|Any CPU
		{24F8BB12-28F8-4EFE-8706-8A1229BB4159}.Release|Any CPU.Build.0 = Release|Any CPU
		{86DB0A42-5BCB-4ED3-8507-255151453CB6}.Debug|Any CPU.ActiveCfg = Debug|Any CPU
		{86DB0A42-5BCB-4ED3-8507-255151453CB6}.Debug|Any CPU.Build.0 = Debug|Any CPU
		{86DB0A42-5BCB-4ED3-8507-255151453CB6}.Release|Any CPU.ActiveCfg = Release|Any CPU
		{86DB0A42-5BCB-4ED3-8507-255151453CB6}.Release|Any CPU.Build.0 = Release|Any CPU
		{6410BD9F-6405-4C07-9692-36813041DB4C}.Debug|Any CPU.ActiveCfg = Debug|Any CPU
		{6410BD9F-6405-4C07-9692-36813041DB4C}.Debug|Any CPU.Build.0 = Debug|Any CPU
		{6410BD9F-6405-4C07-9692-36813041DB4C}.Release|Any CPU.ActiveCfg = Release|Any CPU
		{6410BD9F-6405-4C07-9692-36813041DB4C}.Release|Any CPU.Build.0 = Release|Any CPU
		{FA2C4555-784F-4EF2-A253-BE5B2D164A87}.Debug|Any CPU.ActiveCfg = Debug|Any CPU
		{FA2C4555-784F-4EF2-A253-BE5B2D164A87}.Debug|Any CPU.Build.0 = Debug|Any CPU
		{FA2C4555-784F-4EF2-A253-BE5B2D164A87}.Release|Any CPU.ActiveCfg = Release|Any CPU
		{FA2C4555-784F-4EF2-A253-BE5B2D164A87}.Release|Any CPU.Build.0 = Release|Any CPU
		{EA5397CF-3254-4B3B-9255-098BA0CB3887}.Debug|Any CPU.ActiveCfg = Debug|Any CPU
		{EA5397CF-3254-4B3B-9255-098BA0CB3887}.Debug|Any CPU.Build.0 = Debug|Any CPU
		{EA5397CF-3254-4B3B-9255-098BA0CB3887}.Release|Any CPU.ActiveCfg = Release|Any CPU
		{EA5397CF-3254-4B3B-9255-098BA0CB3887}.Release|Any CPU.Build.0 = Release|Any CPU
		{5C683DBC-7240-4439-8DC5-4BDDBD6E92E9}.Debug|Any CPU.ActiveCfg = Debug|Any CPU
		{5C683DBC-7240-4439-8DC5-4BDDBD6E92E9}.Debug|Any CPU.Build.0 = Debug|Any CPU
		{5C683DBC-7240-4439-8DC5-4BDDBD6E92E9}.Release|Any CPU.ActiveCfg = Release|Any CPU
		{5C683DBC-7240-4439-8DC5-4BDDBD6E92E9}.Release|Any CPU.Build.0 = Release|Any CPU
	EndGlobalSection
	GlobalSection(SolutionProperties) = preSolution
		HideSolutionNode = FALSE
	EndGlobalSection
	GlobalSection(NestedProjects) = preSolution
		{7308CD49-D56C-4771-8D9C-7F727BD745FC} = {22B56805-E278-404F-BEE8-16DF6453BE72}
		{CCAAD64C-B36A-4448-8487-4BC1FC427579} = {EB628A01-6BA2-441D-951F-63977BB9B986}
		{AC855BCA-D5A2-4270-AD94-39E62FF4A215} = {86F957E9-2F8C-4EAC-A528-7145FAF053DC}
		{B17A9BE4-9877-4897-A5CB-D2D05F4A64CC} = {86F957E9-2F8C-4EAC-A528-7145FAF053DC}
		{24F8BB12-28F8-4EFE-8706-8A1229BB4159} = {86F957E9-2F8C-4EAC-A528-7145FAF053DC}
		{86DB0A42-5BCB-4ED3-8507-255151453CB6} = {EB628A01-6BA2-441D-951F-63977BB9B986}
		{6410BD9F-6405-4C07-9692-36813041DB4C} = {EB628A01-6BA2-441D-951F-63977BB9B986}
		{FA2C4555-784F-4EF2-A253-BE5B2D164A87} = {EB628A01-6BA2-441D-951F-63977BB9B986}
		{EA5397CF-3254-4B3B-9255-098BA0CB3887} = {56E2FEC9-861D-45CA-83F6-2EC8D925932B}
		{CAFE2E46-3929-4DF6-AC01-FFB1C192E626} = {EE23A8F7-581F-428B-BA8B-0053F64B898F}
		{5C683DBC-7240-4439-8DC5-4BDDBD6E92E9} = {CAFE2E46-3929-4DF6-AC01-FFB1C192E626}
	EndGlobalSection
	GlobalSection(ExtensibilityGlobals) = postSolution
		SolutionGuid = {BF276AD3-B946-4011-B6DE-DDFFEE599ECD}
	EndGlobalSection
EndGlobal
